
Microsoft Visual Studio Solution File, Format Version 12.00
# Visual Studio Version 16
VisualStudioVersion = 16.0.29403.142
MinimumVisualStudioVersion = 10.0.40219.1
Project("{FAE04EC0-301F-11D3-BF4B-00C04F79EFBC}") = "Kalkulator", "Kalkulator.csproj", "{4BA20345-3F67-4B6D-9311-03D96B993FA2}"
EndProject
Global
	GlobalSection(SolutionConfigurationPlatforms) = preSolution
		Debug|Any CPU = Debug|Any CPU
		Release|Any CPU = Release|Any CPU
	EndGlobalSection
	GlobalSection(ProjectConfigurationPlatforms) = postSolution
		{4BA20345-3F67-4B6D-9311-03D96B993FA2}.Debug|Any CPU.ActiveCfg = Debug|Any CPU
		{4BA20345-3F67-4B6D-9311-03D96B993FA2}.Debug|Any CPU.Build.0 = Debug|Any CPU
		{4BA20345-3F67-4B6D-9311-03D96B993FA2}.Release|Any CPU.ActiveCfg = Release|Any CPU
		{4BA20345-3F67-4B6D-9311-03D96B993FA2}.Release|Any CPU.Build.0 = Release|Any CPU
	EndGlobalSection
	GlobalSection(SolutionProperties) = preSolution
		HideSolutionNode = FALSE
	EndGlobalSection
	GlobalSection(ExtensibilityGlobals) = postSolution
		SolutionGuid = {DCED24DE-0792-4822-ABCC-D575A63E4884}
	EndGlobalSection
EndGlobal
